
Microsoft Visual Studio Solution File, Format Version 12.00
# Visual Studio 15
VisualStudioVersion = 15.0.26124.0
MinimumVisualStudioVersion = 15.0.26124.0
Project("{FAE04EC0-301F-11D3-BF4B-00C04F79EFBC}") = "Domain", "Domain\Domain.csproj", "{C8EE1E74-8EB3-4DBA-81BD-7235DBE15B28}"
EndProject
Project("{FAE04EC0-301F-11D3-BF4B-00C04F79EFBC}") = "Application", "Application\Application.csproj", "{3ABA3082-8D8C-4D2E-976C-524098086B42}"
EndProject
Project("{FAE04EC0-301F-11D3-BF4B-00C04F79EFBC}") = "Api", "Api\Api.csproj", "{D99F2239-4870-4352-9B2C-E327EB819C6C}"
EndProject
Project("{FAE04EC0-301F-11D3-BF4B-00C04F79EFBC}") = "Presistence", "Presistence\Presistence.csproj", "{875E0432-A37B-4316-A5C7-C0428316223F}"
EndProject
Global
	GlobalSection(SolutionConfigurationPlatforms) = preSolution
		Debug|Any CPU = Debug|Any CPU
		Debug|x64 = Debug|x64
		Debug|x86 = Debug|x86
		Release|Any CPU = Release|Any CPU
		Release|x64 = Release|x64
		Release|x86 = Release|x86
	EndGlobalSection
	GlobalSection(SolutionProperties) = preSolution
		HideSolutionNode = FALSE
	EndGlobalSection
	GlobalSection(ProjectConfigurationPlatforms) = postSolution
		{C8EE1E74-8EB3-4DBA-81BD-7235DBE15B28}.Debug|Any CPU.ActiveCfg = Debug|Any CPU
		{C8EE1E74-8EB3-4DBA-81BD-7235DBE15B28}.Debug|Any CPU.Build.0 = Debug|Any CPU
		{C8EE1E74-8EB3-4DBA-81BD-7235DBE15B28}.Debug|x64.ActiveCfg = Debug|Any CPU
		{C8EE1E74-8EB3-4DBA-81BD-7235DBE15B28}.Debug|x64.Build.0 = Debug|Any CPU
		{C8EE1E74-8EB3-4DBA-81BD-7235DBE15B28}.Debug|x86.ActiveCfg = Debug|Any CPU
		{C8EE1E74-8EB3-4DBA-81BD-7235DBE15B28}.Debug|x86.Build.0 = Debug|Any CPU
		{C8EE1E74-8EB3-4DBA-81BD-7235DBE15B28}.Release|Any CPU.ActiveCfg = Release|Any CPU
		{C8EE1E74-8EB3-4DBA-81BD-7235DBE15B28}.Release|Any CPU.Build.0 = Release|Any CPU
		{C8EE1E74-8EB3-4DBA-81BD-7235DBE15B28}.Release|x64.ActiveCfg = Release|Any CPU
		{C8EE1E74-8EB3-4DBA-81BD-7235DBE15B28}.Release|x64.Build.0 = Release|Any CPU
		{C8EE1E74-8EB3-4DBA-81BD-7235DBE15B28}.Release|x86.ActiveCfg = Release|Any CPU
		{C8EE1E74-8EB3-4DBA-81BD-7235DBE15B28}.Release|x86.Build.0 = Release|Any CPU
		{3ABA3082-8D8C-4D2E-976C-524098086B42}.Debug|Any CPU.ActiveCfg = Debug|Any CPU
		{3ABA3082-8D8C-4D2E-976C-524098086B42}.Debug|Any CPU.Build.0 = Debug|Any CPU
		{3ABA3082-8D8C-4D2E-976C-524098086B42}.Debug|x64.ActiveCfg = Debug|Any CPU
		{3ABA3082-8D8C-4D2E-976C-524098086B42}.Debug|x64.Build.0 = Debug|Any CPU
		{3ABA3082-8D8C-4D2E-976C-524098086B42}.Debug|x86.ActiveCfg = Debug|Any CPU
		{3ABA3082-8D8C-4D2E-976C-524098086B42}.Debug|x86.Build.0 = Debug|Any CPU
		{3ABA3082-8D8C-4D2E-976C-524098086B42}.Release|Any CPU.ActiveCfg = Release|Any CPU
		{3ABA3082-8D8C-4D2E-976C-524098086B42}.Release|Any CPU.Build.0 = Release|Any CPU
		{3ABA3082-8D8C-4D2E-976C-524098086B42}.Release|x64.ActiveCfg = Release|Any CPU
		{3ABA3082-8D8C-4D2E-976C-524098086B42}.Release|x64.Build.0 = Release|Any CPU
		{3ABA3082-8D8C-4D2E-976C-524098086B42}.Release|x86.ActiveCfg = Release|Any CPU
		{3ABA3082-8D8C-4D2E-976C-524098086B42}.Release|x86.Build.0 = Release|Any CPU
		{D99F2239-4870-4352-9B2C-E327EB819C6C}.Debug|Any CPU.ActiveCfg = Debug|Any CPU
		{D99F2239-4870-4352-9B2C-E327EB819C6C}.Debug|Any CPU.Build.0 = Debug|Any CPU
		{D99F2239-4870-4352-9B2C-E327EB819C6C}.Debug|x64.ActiveCfg = Debug|Any CPU
		{D99F2239-4870-4352-9B2C-E327EB819C6C}.Debug|x64.Build.0 = Debug|Any CPU
		{D99F2239-4870-4352-9B2C-E327EB819C6C}.Debug|x86.ActiveCfg = Debug|Any CPU
		{D99F2239-4870-4352-9B2C-E327EB819C6C}.Debug|x86.Build.0 = Debug|Any CPU
		{D99F2239-4870-4352-9B2C-E327EB819C6C}.Release|Any CPU.ActiveCfg = Release|Any CPU
		{D99F2239-4870-4352-9B2C-E327EB819C6C}.Release|Any CPU.Build.0 = Release|Any CPU
		{D99F2239-4870-4352-9B2C-E327EB819C6C}.Release|x64.ActiveCfg = Release|Any CPU
		{D99F2239-4870-4352-9B2C-E327EB819C6C}.Release|x64.Build.0 = Release|Any CPU
		{D99F2239-4870-4352-9B2C-E327EB819C6C}.Release|x86.ActiveCfg = Release|Any CPU
		{D99F2239-4870-4352-9B2C-E327EB819C6C}.Release|x86.Build.0 = Release|Any CPU
		{875E0432-A37B-4316-A5C7-C0428316223F}.Debug|Any CPU.ActiveCfg = Debug|Any CPU
		{875E0432-A37B-4316-A5C7-C0428316223F}.Debug|Any CPU.Build.0 = Debug|Any CPU
		{875E0432-A37B-4316-A5C7-C0428316223F}.Debug|x64.ActiveCfg = Debug|Any CPU
		{875E0432-A37B-4316-A5C7-C0428316223F}.Debug|x64.Build.0 = Debug|Any CPU
		{875E0432-A37B-4316-A5C7-C0428316223F}.Debug|x86.ActiveCfg = Debug|Any CPU
		{875E0432-A37B-4316-A5C7-C0428316223F}.Debug|x86.Build.0 = Debug|Any CPU
		{875E0432-A37B-4316-A5C7-C0428316223F}.Release|Any CPU.ActiveCfg = Release|Any CPU
		{875E0432-A37B-4316-A5C7-C0428316223F}.Release|Any CPU.Build.0 = Release|Any CPU
		{875E0432-A37B-4316-A5C7-C0428316223F}.Release|x64.ActiveCfg = Release|Any CPU
		{875E0432-A37B-4316-A5C7-C0428316223F}.Release|x64.Build.0 = Release|Any CPU
		{875E0432-A37B-4316-A5C7-C0428316223F}.Release|x86.ActiveCfg = Release|Any CPU
		{875E0432-A37B-4316-A5C7-C0428316223F}.Release|x86.Build.0 = Release|Any CPU
	EndGlobalSection
EndGlobal
